
Microsoft Visual Studio Solution File, Format Version 12.00
Project("{FAE04EC0-301F-11D3-BF4B-00C04F79EFBC}") = "BlazoredCarbon.ServerSide", "BlazoredCarbon.ServerSide\BlazoredCarbon.ServerSide.csproj", "{EBBBE685-15B7-42FD-B86E-C151ED28870D}"
EndProject
Project("{FAE04EC0-301F-11D3-BF4B-00C04F79EFBC}") = "BlazoredCarbon", "BlazoredCarbon\BlazoredCarbon.csproj", "{881469EA-E50D-449D-A316-520E9F97ED3F}"
EndProject
Project("{FAE04EC0-301F-11D3-BF4B-00C04F79EFBC}") = "BlazoredCarbon.Test", "BlazoredCarbon.Test\BlazoredCarbon.Test.csproj", "{246417E4-FD7E-42BF-85FB-C5B861B51335}"
EndProject
Global
	GlobalSection(SolutionConfigurationPlatforms) = preSolution
		Debug|Any CPU = Debug|Any CPU
		Release|Any CPU = Release|Any CPU
	EndGlobalSection
	GlobalSection(ProjectConfigurationPlatforms) = postSolution
		{EBBBE685-15B7-42FD-B86E-C151ED28870D}.Debug|Any CPU.ActiveCfg = Debug|Any CPU
		{EBBBE685-15B7-42FD-B86E-C151ED28870D}.Debug|Any CPU.Build.0 = Debug|Any CPU
		{EBBBE685-15B7-42FD-B86E-C151ED28870D}.Release|Any CPU.ActiveCfg = Release|Any CPU
		{EBBBE685-15B7-42FD-B86E-C151ED28870D}.Release|Any CPU.Build.0 = Release|Any CPU
		{881469EA-E50D-449D-A316-520E9F97ED3F}.Debug|Any CPU.ActiveCfg = Debug|Any CPU
		{881469EA-E50D-449D-A316-520E9F97ED3F}.Debug|Any CPU.Build.0 = Debug|Any CPU
		{881469EA-E50D-449D-A316-520E9F97ED3F}.Release|Any CPU.ActiveCfg = Release|Any CPU
		{881469EA-E50D-449D-A316-520E9F97ED3F}.Release|Any CPU.Build.0 = Release|Any CPU
		{246417E4-FD7E-42BF-85FB-C5B861B51335}.Debug|Any CPU.ActiveCfg = Debug|Any CPU
		{246417E4-FD7E-42BF-85FB-C5B861B51335}.Debug|Any CPU.Build.0 = Debug|Any CPU
		{246417E4-FD7E-42BF-85FB-C5B861B51335}.Release|Any CPU.ActiveCfg = Release|Any CPU
		{246417E4-FD7E-42BF-85FB-C5B861B51335}.Release|Any CPU.Build.0 = Release|Any CPU
	EndGlobalSection
EndGlobal
